# This file is autogenerated, do not edit; changes may be undone by the next 'dep ensure'.


[[projects]]
  digest = "1:2108354285c2f1cd729f2c444ab7b273ba17505562bdde77dfc06b6bcd147c2b"
  name = "github.com/DataDog/sketches-go"
  packages = [
    "ddsketch",
    "ddsketch/mapping",
    "ddsketch/pb/sketchpb",
    "ddsketch/store",
  ]
  pruneopts = "UT"
  revision = "7cc3185834272feeb600277f733d146d2f9e94e9"

[[projects]]
  digest = "1:50e893a85575fa48dc4982a279e50e2fd8b74e4f7c587860c1e25c77083b8125"
  name = "github.com/cihub/seelog"
  packages = ["."]
  pruneopts = "UT"
  revision = "d2c6e5aa9fbfdd1c624e140287063c7730654115"
  version = "v2.6"

[[projects]]
  digest = "1:ffe9824d294da03b391f44e1ae8281281b4afc1bdaa9588c9097785e3af10cec"
  name = "github.com/davecgh/go-spew"
  packages = ["spew"]
  pruneopts = "UT"
  revision = "8991bc29aa16c548c550c7ff78260e27b9ab7c73"
  version = "v1.1.1"

[[projects]]
  digest = "1:9e62e8886ca549ad17aa4db1783e469f10e424652595304fdc2c8ecda5d25476"
  name = "github.com/golang/protobuf"
  packages = ["proto"]
  pruneopts = "UT"
  revision = "ae97035608a719c7a1c1c41bed0ae0744bdb0c6f"
  version = "v1.5.2"

[[projects]]
  digest = "1:a73337c9d45b11b87023c0172896431cd3ad9744fe08b78893b2b360ae5830ab"
  name = "github.com/iovisor/gobpf"
  packages = [
    ".",
    "elf",
    "elf/include",
    "elf/include/uapi/linux",
    "pkg/bpffs",
    "pkg/cpuonline",
    "pkg/cpurange",
    "pkg/tracepipe",
  ]
  pruneopts = "T"
  revision = "f29a8c9f192810c38d3507fbe1e1ceb56fb6994d"
  source = "github.com/StackVista/gobpf"
  version = "v0.1.2"

[[projects]]
  digest = "1:e0b019ee3a64ce51eeb7e0097a372305ac8caf338e50adf8e4bf3b7ce928e132"
  name = "github.com/josharian/intern"
  packages = ["."]
  pruneopts = "UT"
  revision = "8e6ff32b3e7c0b018c43953085fe2ac330fe9acd"
  version = "v1.0.0"

[[projects]]
  digest = "1:51317c8286236abf3283b2215fa135f57a22b0f3437578086c989a03f5b7375c"
  name = "github.com/mailru/easyjson"
  packages = [
    ".",
    "buffer",
    "jlexer",
    "jwriter",
  ]
  pruneopts = "UT"
  revision = "c120ca7ced6051261161ce15e8f1542a4b2567fc"
  version = "v0.7.7"

[[projects]]
  digest = "1:0028cb19b2e4c3112225cd871870f2d9cf49b9b4276531f03438a88e94be86fe"
  name = "github.com/pmezard/go-difflib"
  packages = ["difflib"]
  pruneopts = "UT"
  revision = "792786c7400a136282c1664665ae0a8db921c6c2"
  version = "v1.0.0"

[[projects]]
  digest = "1:ceb8e87acb0258b9d52c57611251d466bd9c84016e14ecc7063a689d99cb4e7f"
  name = "github.com/pytimer/win-netstat"
  packages = ["."]
  pruneopts = "UT"
  revision = "efa1aff6aafc7b37ca3ffb136b6b27a11178ffd6"

[[projects]]
  digest = "1:86ff4af7b6bb3d27c2e89b5ef8c139678acff1cad74a3c5235fc5af6b94fcc9e"
  name = "github.com/stretchr/objx"
  packages = ["."]
  pruneopts = "UT"
  revision = "35313a95ee26395aa17d366c71a2ccf788fa69b6"
  version = "v0.3.0"

[[projects]]
  digest = "1:83ebccd3e7d2cf489da62888cd39c4c9765144d4036350fb2fba671fba4af395"
  name = "github.com/stretchr/testify"
  packages = [
    "assert",
    "mock",
    "require",
  ]
  pruneopts = "UT"
  revision = "acba37e5db06f0093b465a7d47822bf13644b66c"
  version = "v1.7.0"

[[projects]]
  branch = "master"
  digest = "1:17db1bf7f0fb8834074541d56629f2057e9b66e9101d9b3c80555ba607efc2e7"
  name = "golang.org/x/sys"
  packages = [
    "internal/unsafeheader",
    "windows",
  ]
  pruneopts = "UT"
  revision = "33663a62ff0820461192226283cafe57a83ac6b7"

[[projects]]
  digest = "1:bc8a58ba53d55c6c60aba097ba2981a37cf074c8c19e852763529dbc0ae0eb05"
  name = "google.golang.org/protobuf"
  packages = [
    "encoding/prototext",
    "encoding/protowire",
    "internal/descfmt",
    "internal/descopts",
    "internal/detrand",
    "internal/encoding/defval",
    "internal/encoding/messageset",
    "internal/encoding/tag",
    "internal/encoding/text",
    "internal/errors",
    "internal/filedesc",
    "internal/filetype",
    "internal/flags",
    "internal/genid",
    "internal/impl",
    "internal/order",
    "internal/pragma",
    "internal/set",
    "internal/strs",
    "internal/version",
    "proto",
    "reflect/protodesc",
    "reflect/protoreflect",
    "reflect/protoregistry",
    "runtime/protoiface",
    "runtime/protoimpl",
    "types/descriptorpb",
  ]
  pruneopts = "UT"
  revision = "f2d1f6cbe10b90d22296ea09a7217081c2798009"
  version = "v1.26.0"

[[projects]]
  branch = "v3"
  digest = "1:107a619d3c3bcca214b2b7db810a5dffcd74b5d0262813cb2986e063fae2722f"
  name = "gopkg.in/yaml.v3"
  packages = ["."]
  pruneopts = "UT"
  revision = "496545a6307b2a7d7a710fd516e5e16e8ab62dbc"

[solve-meta]
  analyzer-name = "dep"
  analyzer-version = 1
  input-imports = [
    "github.com/DataDog/sketches-go/ddsketch",
    "github.com/DataDog/sketches-go/ddsketch/pb/sketchpb",
    "github.com/cihub/seelog",
    "github.com/golang/protobuf/proto",
    "github.com/iovisor/gobpf",
    "github.com/iovisor/gobpf/elf",
    "github.com/iovisor/gobpf/pkg/tracepipe",
    "github.com/mailru/easyjson",
    "github.com/mailru/easyjson/jlexer",
    "github.com/mailru/easyjson/jwriter",
    "github.com/pytimer/win-netstat",
    "github.com/stretchr/testify/assert",
    "github.com/stretchr/testify/mock",
    "github.com/stretchr/testify/require",
  ]
  solver-name = "gps-cdcl"
  solver-version = 1
