# This file is autogenerated, do not edit; changes may be undone by the next 'dep ensure'.


[[projects]]
  branch = "master"
  digest = "1:de747471fda94a360884bd972aa5633e65a77666283ec9c0d9c0755b871f3a9b"
  name = "github.com/cihub/seelog"
  packages = [
    ".",
    "archive",
    "archive/gzip",
    "archive/tar",
    "archive/zip",
  ]
  pruneopts = "UT"
  revision = "f561c5e57575bb1e0a2167028b7339b3a8d16fb4"

[[projects]]
  digest = "1:ffe9824d294da03b391f44e1ae8281281b4afc1bdaa9588c9097785e3af10cec"
  name = "github.com/davecgh/go-spew"
  packages = ["spew"]
  pruneopts = "UT"
  revision = "8991bc29aa16c548c550c7ff78260e27b9ab7c73"
  version = "v1.1.1"

[[projects]]
  branch = "master"
  digest = "1:d18f8f91a6e3fddeff4498165354c27cc43adc5973ce80fb15f308759d2eafde"
  name = "github.com/iovisor/gobpf"
  packages = [
    "elf",
    "pkg/bpffs",
    "pkg/cpuonline",
  ]
  pruneopts = "T"
  revision = "b0976764b280339f738c5f4dfd5168b9437ff049"

[[projects]]
  digest = "1:0028cb19b2e4c3112225cd871870f2d9cf49b9b4276531f03438a88e94be86fe"
  name = "github.com/pmezard/go-difflib"
  packages = ["difflib"]
  pruneopts = "UT"
  revision = "792786c7400a136282c1664665ae0a8db921c6c2"
  version = "v1.0.0"

[[projects]]
  branch = "master"
  digest = "1:ceb8e87acb0258b9d52c57611251d466bd9c84016e14ecc7063a689d99cb4e7f"
  name = "github.com/pytimer/win-netstat"
  packages = ["."]
  pruneopts = "UT"
  revision = "efa1aff6aafc7b37ca3ffb136b6b27a11178ffd6"

[[projects]]
  digest = "1:ac83cf90d08b63ad5f7e020ef480d319ae890c208f8524622a2f3136e2686b02"
  name = "github.com/stretchr/objx"
  packages = ["."]
  pruneopts = "UT"
  revision = "477a77ecc69700c7cdeb1fa9e129548e1c1c393c"
  version = "v0.1.1"

[[projects]]
  branch = "master"
  digest = "1:ca83927a8e800fa24c9c981c900bbdcc0f3c0d235dbaa0ac340907d242ca5f63"
  name = "github.com/stretchr/testify"
  packages = [
    "assert",
    "mock",
    "require",
  ]
  pruneopts = "UT"
  revision = "363ebb24d041ccea8068222281c2e963e997b9dc"

[[projects]]
  branch = "master"
  digest = "1:68a4638398cf8c864a6aa50c8853ebe7935f939aa3acf7e44cb35b67852e9fef"
  name = "golang.org/x/sys"
  packages = ["windows"]
  pruneopts = "UT"
  revision = "48ac38b7c8cbedd50b1613c0fccacfc7d88dfcdf"

[solve-meta]
  analyzer-name = "dep"
  analyzer-version = 1
  input-imports = [
    "github.com/cihub/seelog",
    "github.com/iovisor/gobpf/elf",
    "github.com/pytimer/win-netstat",
    "github.com/stretchr/testify/assert",
    "github.com/stretchr/testify/mock",
    "github.com/stretchr/testify/require",
  ]
  solver-name = "gps-cdcl"
  solver-version = 1
